
Microsoft Visual Studio Solution File, Format Version 12.00
# Visual Studio Version 16
VisualStudioVersion = 16.0.31005.135
MinimumVisualStudioVersion = 10.0.40219.1
Project("{FAE04EC0-301F-11D3-BF4B-00C04F79EFBC}") = "Parcial2-ap1-20180618", "Parcial2-ap1-20180618.csproj", "{DAA3F9C8-1613-4019-BEDD-6D85FAEC38AE}"
EndProject
Global
	GlobalSection(SolutionConfigurationPlatforms) = preSolution
		Debug|Any CPU = Debug|Any CPU
		Release|Any CPU = Release|Any CPU
	EndGlobalSection
	GlobalSection(ProjectConfigurationPlatforms) = postSolution
		{DAA3F9C8-1613-4019-BEDD-6D85FAEC38AE}.Debug|Any CPU.ActiveCfg = Debug|Any CPU
		{DAA3F9C8-1613-4019-BEDD-6D85FAEC38AE}.Debug|Any CPU.Build.0 = Debug|Any CPU
		{DAA3F9C8-1613-4019-BEDD-6D85FAEC38AE}.Release|Any CPU.ActiveCfg = Release|Any CPU
		{DAA3F9C8-1613-4019-BEDD-6D85FAEC38AE}.Release|Any CPU.Build.0 = Release|Any CPU
	EndGlobalSection
	GlobalSection(SolutionProperties) = preSolution
		HideSolutionNode = FALSE
	EndGlobalSection
	GlobalSection(ExtensibilityGlobals) = postSolution
		SolutionGuid = {698B2CAB-31F9-4B6B-849B-CB9A1DB4D624}
	EndGlobalSection
EndGlobal
